
Microsoft Visual Studio Solution File, Format Version 12.00
# Visual Studio Version 17
VisualStudioVersion = 17.4.33205.214
MinimumVisualStudioVersion = 10.0.40219.1
Project("{FAE04EC0-301F-11D3-BF4B-00C04F79EFBC}") = "CurriculoMvc", "CurriculoMvc\CurriculoMvc.csproj", "{C9AC5189-CAB9-4DFF-9942-2DE9EC35BBA5}"
EndProject
Global
	GlobalSection(SolutionConfigurationPlatforms) = preSolution
		Debug|Any CPU = Debug|Any CPU
		Release|Any CPU = Release|Any CPU
	EndGlobalSection
	GlobalSection(ProjectConfigurationPlatforms) = postSolution
		{C9AC5189-CAB9-4DFF-9942-2DE9EC35BBA5}.Debug|Any CPU.ActiveCfg = Debug|Any CPU
		{C9AC5189-CAB9-4DFF-9942-2DE9EC35BBA5}.Debug|Any CPU.Build.0 = Debug|Any CPU
		{C9AC5189-CAB9-4DFF-9942-2DE9EC35BBA5}.Release|Any CPU.ActiveCfg = Release|Any CPU
		{C9AC5189-CAB9-4DFF-9942-2DE9EC35BBA5}.Release|Any CPU.Build.0 = Release|Any CPU
	EndGlobalSection
	GlobalSection(SolutionProperties) = preSolution
		HideSolutionNode = FALSE
	EndGlobalSection
	GlobalSection(ExtensibilityGlobals) = postSolution
		SolutionGuid = {A9E5D827-0BB8-4F1B-9EE3-6CFFA426FA88}
	EndGlobalSection
EndGlobal
